
Microsoft Visual Studio Solution File, Format Version 12.00
# Visual Studio 2015
Project("{FAE04EC0-301F-11D3-BF4B-00C04F79EFBC}") = "Projeto_JVP", "Projeto_JVP.csproj", "{2AD00C25-10E6-8AF0-8804-5AAE2BCF6548}"
EndProject
Global
	GlobalSection(SolutionConfigurationPlatforms) = preSolution
		Debug|Any CPU = Debug|Any CPU
		Release|Any CPU = Release|Any CPU
	EndGlobalSection
	GlobalSection(ProjectConfigurationPlatforms) = postSolution
		{2AD00C25-10E6-8AF0-8804-5AAE2BCF6548}.Debug|Any CPU.ActiveCfg = Debug|Any CPU
		{2AD00C25-10E6-8AF0-8804-5AAE2BCF6548}.Debug|Any CPU.Build.0 = Debug|Any CPU
		{2AD00C25-10E6-8AF0-8804-5AAE2BCF6548}.Release|Any CPU.ActiveCfg = Release|Any CPU
		{2AD00C25-10E6-8AF0-8804-5AAE2BCF6548}.Release|Any CPU.Build.0 = Release|Any CPU
	EndGlobalSection
	GlobalSection(SolutionProperties) = preSolution
		HideSolutionNode = FALSE
	EndGlobalSection
EndGlobal
